// !$*UTF8*$!
{
	archiveVersion = 1;
	classes = {
	};
	objectVersion = 77;
	objects = {

/* Begin PBXBuildFile section */
		B9E915A32D1372BC00E641AB /* ContentView.swift in Sources */ = {isa = PBXBuildFile; fileRef = B9E9159F2D1372BC00E641AB /* ContentView.swift */; };
		B9E915A42D1372BC00E641AB /* Robotics_FolderApp.swift in Sources */ = {isa = PBXBuildFile; fileRef = B9E915A02D1372BC00E641AB /* Robotics_FolderApp.swift */; };
		B9E915A52D1372BC00E641AB /* Title Page.swift in Sources */ = {isa = PBXBuildFile; fileRef = B9E915A12D1372BC00E641AB /* Title Page.swift */; };
		B9E915A62D1372BC00E641AB /* Preview Assets.xcassets in Resources */ = {isa = PBXBuildFile; fileRef = B9E9159C2D1372BC00E641AB /* Preview Assets.xcassets */; };
		B9E915A72D1372BC00E641AB /* Assets.xcassets in Resources */ = {isa = PBXBuildFile; fileRef = B9E9159E2D1372BC00E641AB /* Assets.xcassets */; };
		B9E915A92D1372EE00E641AB /* hex.swift in Sources */ = {isa = PBXBuildFile; fileRef = B9E915A82D1372EE00E641AB /* hex.swift */; };
		B9E915AB2D13733F00E641AB /* Demographics.swift in Sources */ = {isa = PBXBuildFile; fileRef = B9E915AA2D13733F00E641AB /* Demographics.swift */; };
		B9E915AD2D13746100E641AB /* About.swift in Sources */ = {isa = PBXBuildFile; fileRef = B9E915AC2D13746100E641AB /* About.swift */; };
		B9E915AF2D13939800E641AB /* ArrowShape.swift in Sources */ = {isa = PBXBuildFile; fileRef = B9E915AE2D13939800E641AB /* ArrowShape.swift */; };
/* End PBXBuildFile section */

/* Begin PBXFileReference section */
		B9E915892D13702500E641AB /* Robotics Folder.app */ = {isa = PBXFileReference; explicitFileType = wrapper.application; includeInIndex = 0; path = "Robotics Folder.app"; sourceTree = BUILT_PRODUCTS_DIR; };
		B9E9159C2D1372BC00E641AB /* Preview Assets.xcassets */ = {isa = PBXFileReference; lastKnownFileType = folder.assetcatalog; path = "Preview Assets.xcassets"; sourceTree = "<group>"; };
		B9E9159E2D1372BC00E641AB /* Assets.xcassets */ = {isa = PBXFileReference; lastKnownFileType = folder.assetcatalog; path = Assets.xcassets; sourceTree = "<group>"; };
		B9E9159F2D1372BC00E641AB /* ContentView.swift */ = {isa = PBXFileReference; lastKnownFileType = sourcecode.swift; path = ContentView.swift; sourceTree = "<group>"; };
		B9E915A02D1372BC00E641AB /* Robotics_FolderApp.swift */ = {isa = PBXFileReference; lastKnownFileType = sourcecode.swift; path = Robotics_FolderApp.swift; sourceTree = "<group>"; };
		B9E915A12D1372BC00E641AB /* Title Page.swift */ = {isa = PBXFileReference; lastKnownFileType = sourcecode.swift; path = "Title Page.swift"; sourceTree = "<group>"; };
		B9E915A82D1372EE00E641AB /* hex.swift */ = {isa = PBXFileReference; lastKnownFileType = sourcecode.swift; path = hex.swift; sourceTree = "<group>"; };
		B9E915AA2D13733F00E641AB /* Demographics.swift */ = {isa = PBXFileReference; lastKnownFileType = sourcecode.swift; path = Demographics.swift; sourceTree = "<group>"; };
		B9E915AC2D13746100E641AB /* About.swift */ = {isa = PBXFileReference; lastKnownFileType = sourcecode.swift; path = About.swift; sourceTree = "<group>"; };
		B9E915AE2D13939800E641AB /* ArrowShape.swift */ = {isa = PBXFileReference; lastKnownFileType = sourcecode.swift; path = ArrowShape.swift; sourceTree = "<group>"; };
/* End PBXFileReference section */

/* Begin PBXFrameworksBuildPhase section */
		B9E915862D13702500E641AB /* Frameworks */ = {
			isa = PBXFrameworksBuildPhase;
			buildActionMask = 2147483647;
			files = (
			);
			runOnlyForDeploymentPostprocessing = 0;
		};
/* End PBXFrameworksBuildPhase section */

/* Begin PBXGroup section */
		B9E915802D13702500E641AB = {
			isa = PBXGroup;
			children = (
				B9E915A22D1372BC00E641AB /* Robotics Folder */,
				B9E9158A2D13702500E641AB /* Products */,
			);
			sourceTree = "<group>";
		};
		B9E9158A2D13702500E641AB /* Products */ = {
			isa = PBXGroup;
			children = (
				B9E915892D13702500E641AB /* Robotics Folder.app */,
			);
			name = Products;
			sourceTree = "<group>";
		};
		B9E9159D2D1372BC00E641AB /* Preview Content */ = {
			isa = PBXGroup;
			children = (
				B9E9159C2D1372BC00E641AB /* Preview Assets.xcassets */,
			);
			path = "Preview Content";
			sourceTree = "<group>";
		};
		B9E915A22D1372BC00E641AB /* Robotics Folder */ = {
			isa = PBXGroup;
			children = (
				B9E9159D2D1372BC00E641AB /* Preview Content */,
				B9E9159E2D1372BC00E641AB /* Assets.xcassets */,
				B9E9159F2D1372BC00E641AB /* ContentView.swift */,
				B9E915A12D1372BC00E641AB /* Title Page.swift */,
				B9E915AA2D13733F00E641AB /* Demographics.swift */,
				B9E915AC2D13746100E641AB /* About.swift */,
				B9E915A82D1372EE00E641AB /* hex.swift */,
				B9E915AE2D13939800E641AB /* ArrowShape.swift */,
				B9E915A02D1372BC00E641AB /* Robotics_FolderApp.swift */,
			);
			path = "Robotics Folder";
			sourceTree = "<group>";
		};
/* End PBXGroup section */

/* Begin PBXNativeTarget section */
		B9E915882D13702500E641AB /* Robotics Folder */ = {
			isa = PBXNativeTarget;
			buildConfigurationList = B9E915972D13702700E641AB /* Build configuration list for PBXNativeTarget "Robotics Folder" */;
			buildPhases = (
				B9E915852D13702500E641AB /* Sources */,
				B9E915862D13702500E641AB /* Frameworks */,
				B9E915872D13702500E641AB /* Resources */,
			);
			buildRules = (
			);
			dependencies = (
			);
			name = "Robotics Folder";
			packageProductDependencies = (
			);
			productName = "Robotics Folder";
			productReference = B9E915892D13702500E641AB /* Robotics Folder.app */;
			productType = "com.apple.product-type.application";
		};
/* End PBXNativeTarget section */

/* Begin PBXProject section */
		B9E915812D13702500E641AB /* Project object */ = {
			isa = PBXProject;
			attributes = {
				BuildIndependentTargetsInParallel = 1;
				LastSwiftUpdateCheck = 1620;
				LastUpgradeCheck = 1620;
				TargetAttributes = {
					B9E915882D13702500E641AB = {
						CreatedOnToolsVersion = 16.2;
					};
				};
			};
			buildConfigurationList = B9E915842D13702500E641AB /* Build configuration list for PBXProject "Robotics Folder" */;
			developmentRegion = en;
			hasScannedForEncodings = 0;
			knownRegions = (
				en,
				Base,
			);
			mainGroup = B9E915802D13702500E641AB;
			minimizedProjectReferenceProxies = 1;
			preferredProjectObjectVersion = 77;
			productRefGroup = B9E9158A2D13702500E641AB /* Products */;
			projectDirPath = "";
			projectRoot = "";
			targets = (
				B9E915882D13702500E641AB /* Robotics Folder */,
			);
		};
/* End PBXProject section */

/* Begin PBXResourcesBuildPhase section */
		B9E915872D13702500E641AB /* Resources */ = {
			isa = PBXResourcesBuildPhase;
			buildActionMask = 2147483647;
			files = (
				B9E915A62D1372BC00E641AB /* Preview Assets.xcassets in Resources */,
				B9E915A72D1372BC00E641AB /* Assets.xcassets in Resources */,
			);
			runOnlyForDeploymentPostprocessing = 0;
		};
/* End PBXResourcesBuildPhase section */

/* Begin PBXSourcesBuildPhase section */
		B9E915852D13702500E641AB /* Sources */ = {
			isa = PBXSourcesBuildPhase;
			buildActionMask = 2147483647;
			files = (
				B9E915AF2D13939800E641AB /* ArrowShape.swift in Sources */,
				B9E915A32D1372BC00E641AB /* ContentView.swift in Sources */,
				B9E915AD2D13746100E641AB /* About.swift in Sources */,
				B9E915AB2D13733F00E641AB /* Demographics.swift in Sources */,
				B9E915A92D1372EE00E641AB /* hex.swift in Sources */,
				B9E915A42D1372BC00E641AB /* Robotics_FolderApp.swift in Sources */,
				B9E915A52D1372BC00E641AB /* Title Page.swift in Sources */,
			);
			runOnlyForDeploymentPostprocessing = 0;
		};
/* End PBXSourcesBuildPhase section */

/* Begin XCBuildConfiguration section */
		B9E915952D13702700E641AB /* Debug */ = {
			isa = XCBuildConfiguration;
			buildSettings = {
				ALWAYS_SEARCH_USER_PATHS = NO;
				ASSETCATALOG_COMPILER_GENERATE_SWIFT_ASSET_SYMBOL_EXTENSIONS = YES;
				CLANG_ANALYZER_NONNULL = YES;
				CLANG_ANALYZER_NUMBER_OBJECT_CONVERSION = YES_AGGRESSIVE;
				CLANG_CXX_LANGUAGE_STANDARD = "gnu++20";
				CLANG_ENABLE_MODULES = YES;
				CLANG_ENABLE_OBJC_ARC = YES;
				CLANG_ENABLE_OBJC_WEAK = YES;
				CLANG_WARN_BLOCK_CAPTURE_AUTORELEASING = YES;
				CLANG_WARN_BOOL_CONVERSION = YES;
				CLANG_WARN_COMMA = YES;
				CLANG_WARN_CONSTANT_CONVERSION = YES;
				CLANG_WARN_DEPRECATED_OBJC_IMPLEMENTATIONS = YES;
				CLANG_WARN_DIRECT_OBJC_ISA_USAGE = YES_ERROR;
				CLANG_WARN_DOCUMENTATION_COMMENTS = YES;
				CLANG_WARN_EMPTY_BODY = YES;
				CLANG_WARN_ENUM_CONVERSION = YES;
				CLANG_WARN_INFINITE_RECURSION = YES;
				CLANG_WARN_INT_CONVERSION = YES;
				CLANG_WARN_NON_LITERAL_NULL_CONVERSION = YES;
				CLANG_WARN_OBJC_IMPLICIT_RETAIN_SELF = YES;
				CLANG_WARN_OBJC_LITERAL_CONVERSION = YES;
				CLANG_WARN_OBJC_ROOT_CLASS = YES_ERROR;
				CLANG_WARN_QUOTED_INCLUDE_IN_FRAMEWORK_HEADER = YES;
				CLANG_WARN_RANGE_LOOP_ANALYSIS = YES;
				CLANG_WARN_STRICT_PROTOTYPES = YES;
				CLANG_WARN_SUSPICIOUS_MOVE = YES;
				CLANG_WARN_UNGUARDED_AVAILABILITY = YES_AGGRESSIVE;
				CLANG_WARN_UNREACHABLE_CODE = YES;
				CLANG_WARN__DUPLICATE_METHOD_MATCH = YES;
				COPY_PHASE_STRIP = NO;
				DEBUG_INFORMATION_FORMAT = dwarf;
				ENABLE_STRICT_OBJC_MSGSEND = YES;
				ENABLE_TESTABILITY = YES;
				ENABLE_USER_SCRIPT_SANDBOXING = YES;
				GCC_C_LANGUAGE_STANDARD = gnu17;
				GCC_DYNAMIC_NO_PIC = NO;
				GCC_NO_COMMON_BLOCKS = YES;
				GCC_OPTIMIZATION_LEVEL = 0;
				GCC_PREPROCESSOR_DEFINITIONS = (
					"DEBUG=1",
					"$(inherited)",
				);
				GCC_WARN_64_TO_32_BIT_CONVERSION = YES;
				GCC_WARN_ABOUT_RETURN_TYPE = YES_ERROR;
				GCC_WARN_UNDECLARED_SELECTOR = YES;
				GCC_WARN_UNINITIALIZED_AUTOS = YES_AGGRESSIVE;
				GCC_WARN_UNUSED_FUNCTION = YES;
				GCC_WARN_UNUSED_VARIABLE = YES;
				IPHONEOS_DEPLOYMENT_TARGET = 18.2;
				LOCALIZATION_PREFERS_STRING_CATALOGS = YES;
				MTL_ENABLE_DEBUG_INFO = INCLUDE_SOURCE;
				MTL_FAST_MATH = YES;
				ONLY_ACTIVE_ARCH = YES;
				SDKROOT = iphoneos;
				SWIFT_ACTIVE_COMPILATION_CONDITIONS = "DEBUG $(inherited)";
				SWIFT_OPTIMIZATION_LEVEL = "-Onone";
			};
			name = Debug;
		};
		B9E915962D13702700E641AB /* Release */ = {
			isa = XCBuildConfiguration;
			buildSettings = {
				ALWAYS_SEARCH_USER_PATHS = NO;
				ASSETCATALOG_COMPILER_GENERATE_SWIFT_ASSET_SYMBOL_EXTENSIONS = YES;
				CLANG_ANALYZER_NONNULL = YES;
				CLANG_ANALYZER_NUMBER_OBJECT_CONVERSION = YES_AGGRESSIVE;
				CLANG_CXX_LANGUAGE_STANDARD = "gnu++20";
				CLANG_ENABLE_MODULES = YES;
				CLANG_ENABLE_OBJC_ARC = YES;
				CLANG_ENABLE_OBJC_WEAK = YES;
				CLANG_WARN_BLOCK_CAPTURE_AUTORELEASING = YES;
				CLANG_WARN_BOOL_CONVERSION = YES;
				CLANG_WARN_COMMA = YES;
				CLANG_WARN_CONSTANT_CONVERSION = YES;
				CLANG_WARN_DEPRECATED_OBJC_IMPLEMENTATIONS = YES;
				CLANG_WARN_DIRECT_OBJC_ISA_USAGE = YES_ERROR;
				CLANG_WARN_DOCUMENTATION_COMMENTS = YES;
				CLANG_WARN_EMPTY_BODY = YES;
				CLANG_WARN_ENUM_CONVERSION = YES;
				CLANG_WARN_INFINITE_RECURSION = YES;
				CLANG_WARN_INT_CONVERSION = YES;
				CLANG_WARN_NON_LITERAL_NULL_CONVERSION = YES;
				CLANG_WARN_OBJC_IMPLICIT_RETAIN_SELF = YES;
				CLANG_WARN_OBJC_LITERAL_CONVERSION = YES;
				CLANG_WARN_OBJC_ROOT_CLASS = YES_ERROR;
				CLANG_WARN_QUOTED_INCLUDE_IN_FRAMEWORK_HEADER = YES;
				CLANG_WARN_RANGE_LOOP_ANALYSIS = YES;
				CLANG_WARN_STRICT_PROTOTYPES = YES;
				CLANG_WARN_SUSPICIOUS_MOVE = YES;
				CLANG_WARN_UNGUARDED_AVAILABILITY = YES_AGGRESSIVE;
				CLANG_WARN_UNREACHABLE_CODE = YES;
				CLANG_WARN__DUPLICATE_METHOD_MATCH = YES;
				COPY_PHASE_STRIP = NO;
				DEBUG_INFORMATION_FORMAT = "dwarf-with-dsym";
				ENABLE_NS_ASSERTIONS = NO;
				ENABLE_STRICT_OBJC_MSGSEND = YES;
				ENABLE_USER_SCRIPT_SANDBOXING = YES;
				GCC_C_LANGUAGE_STANDARD = gnu17;
				GCC_NO_COMMON_BLOCKS = YES;
				GCC_WARN_64_TO_32_BIT_CONVERSION = YES;
				GCC_WARN_ABOUT_RETURN_TYPE = YES_ERROR;
				GCC_WARN_UNDECLARED_SELECTOR = YES;
				GCC_WARN_UNINITIALIZED_AUTOS = YES_AGGRESSIVE;
				GCC_WARN_UNUSED_FUNCTION = YES;
				GCC_WARN_UNUSED_VARIABLE = YES;
				IPHONEOS_DEPLOYMENT_TARGET = 18.2;
				LOCALIZATION_PREFERS_STRING_CATALOGS = YES;
				MTL_ENABLE_DEBUG_INFO = NO;
				MTL_FAST_MATH = YES;
				SDKROOT = iphoneos;
				SWIFT_COMPILATION_MODE = wholemodule;
				VALIDATE_PRODUCT = YES;
			};
			name = Release;
		};
		B9E915982D13702700E641AB /* Debug */ = {
			isa = XCBuildConfiguration;
			buildSettings = {
				ASSETCATALOG_COMPILER_APPICON_NAME = AppIcon;
				ASSETCATALOG_COMPILER_GLOBAL_ACCENT_COLOR_NAME = AccentColor;
				CODE_SIGN_STYLE = Automatic;
				CURRENT_PROJECT_VERSION = 1;
				DEVELOPMENT_ASSET_PATHS = "\"Robotics Folder/Preview Content\"";
				DEVELOPMENT_TEAM = 47J6H2LHDD;
				ENABLE_PREVIEWS = YES;
				GENERATE_INFOPLIST_FILE = YES;
				INFOPLIST_KEY_UIApplicationSceneManifest_Generation = YES;
				INFOPLIST_KEY_UIApplicationSupportsIndirectInputEvents = YES;
				INFOPLIST_KEY_UILaunchScreen_Generation = YES;
				INFOPLIST_KEY_UISupportedInterfaceOrientations_iPad = "UIInterfaceOrientationPortrait UIInterfaceOrientationPortraitUpsideDown UIInterfaceOrientationLandscapeLeft UIInterfaceOrientationLandscapeRight";
				INFOPLIST_KEY_UISupportedInterfaceOrientations_iPhone = "UIInterfaceOrientationPortrait UIInterfaceOrientationLandscapeLeft UIInterfaceOrientationLandscapeRight";
				LD_RUNPATH_SEARCH_PATHS = (
					"$(inherited)",
					"@executable_path/Frameworks",
				);
				MARKETING_VERSION = 1.0;
				PRODUCT_BUNDLE_IDENTIFIER = "com.doorhingeapps.Robotics-Folder";
				PRODUCT_NAME = "$(TARGET_NAME)";
				SWIFT_EMIT_LOC_STRINGS = YES;
				SWIFT_VERSION = 5.0;
				TARGETED_DEVICE_FAMILY = "1,2";
			};
			name = Debug;
		};
		B9E915992D13702700E641AB /* Release */ = {
			isa = XCBuildConfiguration;
			buildSettings = {
				ASSETCATALOG_COMPILER_APPICON_NAME = AppIcon;
				ASSETCATALOG_COMPILER_GLOBAL_ACCENT_COLOR_NAME = AccentColor;
				CODE_SIGN_STYLE = Automatic;
				CURRENT_PROJECT_VERSION = 1;
				DEVELOPMENT_ASSET_PATHS = "\"Robotics Folder/Preview Content\"";
				DEVELOPMENT_TEAM = 47J6H2LHDD;
				ENABLE_PREVIEWS = YES;
				GENERATE_INFOPLIST_FILE = YES;
				INFOPLIST_KEY_UIApplicationSceneManifest_Generation = YES;
				INFOPLIST_KEY_UIApplicationSupportsIndirectInputEvents = YES;
				INFOPLIST_KEY_UILaunchScreen_Generation = YES;
				INFOPLIST_KEY_UISupportedInterfaceOrientations_iPad = "UIInterfaceOrientationPortrait UIInterfaceOrientationPortraitUpsideDown UIInterfaceOrientationLandscapeLeft UIInterfaceOrientationLandscapeRight";
				INFOPLIST_KEY_UISupportedInterfaceOrientations_iPhone = "UIInterfaceOrientationPortrait UIInterfaceOrientationLandscapeLeft UIInterfaceOrientationLandscapeRight";
				LD_RUNPATH_SEARCH_PATHS = (
					"$(inherited)",
					"@executable_path/Frameworks",
				);
				MARKETING_VERSION = 1.0;
				PRODUCT_BUNDLE_IDENTIFIER = "com.doorhingeapps.Robotics-Folder";
				PRODUCT_NAME = "$(TARGET_NAME)";
				SWIFT_EMIT_LOC_STRINGS = YES;
				SWIFT_VERSION = 5.0;
				TARGETED_DEVICE_FAMILY = "1,2";
			};
			name = Release;
		};
/* End XCBuildConfiguration section */

/* Begin XCConfigurationList section */
		B9E915842D13702500E641AB /* Build configuration list for PBXProject "Robotics Folder" */ = {
			isa = XCConfigurationList;
			buildConfigurations = (
				B9E915952D13702700E641AB /* Debug */,
				B9E915962D13702700E641AB /* Release */,
			);
			defaultConfigurationIsVisible = 0;
			defaultConfigurationName = Release;
		};
		B9E915972D13702700E641AB /* Build configuration list for PBXNativeTarget "Robotics Folder" */ = {
			isa = XCConfigurationList;
			buildConfigurations = (
				B9E915982D13702700E641AB /* Debug */,
				B9E915992D13702700E641AB /* Release */,
			);
			defaultConfigurationIsVisible = 0;
			defaultConfigurationName = Release;
		};
/* End XCConfigurationList section */
	};
	rootObject = B9E915812D13702500E641AB /* Project object */;
}
